
Microsoft Visual Studio Solution File, Format Version 12.00
# Visual Studio Version 17
VisualStudioVersion = 17.8.34511.84
MinimumVisualStudioVersion = 10.0.40219.1
Project("{FAE04EC0-301F-11D3-BF4B-00C04F79EFBC}") = "BookManagement", "BookManagement.csproj", "{6E8180A4-0E52-40DF-B581-19B7DA724FA4}"
EndProject
Project("{FAE04EC0-301F-11D3-BF4B-00C04F79EFBC}") = "BookManagement.Test", "..\BookManagement.Test\BookManagement.Test.csproj", "{2C5FC4BD-AE18-4D7A-B026-2616D7DD6ABF}"
EndProject
Global
	GlobalSection(SolutionConfigurationPlatforms) = preSolution
		Debug|Any CPU = Debug|Any CPU
		Release|Any CPU = Release|Any CPU
	EndGlobalSection
	GlobalSection(ProjectConfigurationPlatforms) = postSolution
		{6E8180A4-0E52-40DF-B581-19B7DA724FA4}.Debug|Any CPU.ActiveCfg = Debug|Any CPU
		{6E8180A4-0E52-40DF-B581-19B7DA724FA4}.Debug|Any CPU.Build.0 = Debug|Any CPU
		{6E8180A4-0E52-40DF-B581-19B7DA724FA4}.Release|Any CPU.ActiveCfg = Release|Any CPU
		{6E8180A4-0E52-40DF-B581-19B7DA724FA4}.Release|Any CPU.Build.0 = Release|Any CPU
		{2C5FC4BD-AE18-4D7A-B026-2616D7DD6ABF}.Debug|Any CPU.ActiveCfg = Debug|Any CPU
		{2C5FC4BD-AE18-4D7A-B026-2616D7DD6ABF}.Debug|Any CPU.Build.0 = Debug|Any CPU
		{2C5FC4BD-AE18-4D7A-B026-2616D7DD6ABF}.Release|Any CPU.ActiveCfg = Release|Any CPU
		{2C5FC4BD-AE18-4D7A-B026-2616D7DD6ABF}.Release|Any CPU.Build.0 = Release|Any CPU
	EndGlobalSection
	GlobalSection(SolutionProperties) = preSolution
		HideSolutionNode = FALSE
	EndGlobalSection
	GlobalSection(ExtensibilityGlobals) = postSolution
		SolutionGuid = {39704B64-7144-4B5C-BC11-E9C798031D32}
	EndGlobalSection
EndGlobal
