
Microsoft Visual Studio Solution File, Format Version 12.00
# Visual Studio Version 17
VisualStudioVersion = 17.8.34511.84
MinimumVisualStudioVersion = 10.0.40219.1
Project("{FAE04EC0-301F-11D3-BF4B-00C04F79EFBC}") = "TemperatureConversion", "TemperatureConversion.csproj", "{61BCF184-C5CC-4BDC-B58D-C5383B04FD50}"
EndProject
Global
	GlobalSection(SolutionConfigurationPlatforms) = preSolution
		Debug|Any CPU = Debug|Any CPU
		Release|Any CPU = Release|Any CPU
	EndGlobalSection
	GlobalSection(ProjectConfigurationPlatforms) = postSolution
		{61BCF184-C5CC-4BDC-B58D-C5383B04FD50}.Debug|Any CPU.ActiveCfg = Debug|Any CPU
		{61BCF184-C5CC-4BDC-B58D-C5383B04FD50}.Debug|Any CPU.Build.0 = Debug|Any CPU
		{61BCF184-C5CC-4BDC-B58D-C5383B04FD50}.Release|Any CPU.ActiveCfg = Release|Any CPU
		{61BCF184-C5CC-4BDC-B58D-C5383B04FD50}.Release|Any CPU.Build.0 = Release|Any CPU
	EndGlobalSection
	GlobalSection(SolutionProperties) = preSolution
		HideSolutionNode = FALSE
	EndGlobalSection
	GlobalSection(ExtensibilityGlobals) = postSolution
		SolutionGuid = {F2FBAB93-C89D-42A8-8541-0E0689728090}
	EndGlobalSection
EndGlobal
