
Microsoft Visual Studio Solution File, Format Version 12.00
# Visual Studio Version 17
VisualStudioVersion = 17.8.34511.84
MinimumVisualStudioVersion = 10.0.40219.1
Project("{9A19103F-16F7-4668-BE54-9A1E7A4F7556}") = "ProductsTest", "ProductsTest.csproj", "{35F99D74-BDA3-4720-9EAE-CDAD1C635D75}"
EndProject
Project("{FAE04EC0-301F-11D3-BF4B-00C04F79EFBC}") = "ProductsTest.Test", "..\ProductsTest.Test\ProductsTest.Test.csproj", "{24FF3480-01D3-46CF-940A-99F84A2A8D20}"
EndProject
Global
	GlobalSection(SolutionConfigurationPlatforms) = preSolution
		Debug|Any CPU = Debug|Any CPU
		Release|Any CPU = Release|Any CPU
	EndGlobalSection
	GlobalSection(ProjectConfigurationPlatforms) = postSolution
		{35F99D74-BDA3-4720-9EAE-CDAD1C635D75}.Debug|Any CPU.ActiveCfg = Debug|Any CPU
		{35F99D74-BDA3-4720-9EAE-CDAD1C635D75}.Debug|Any CPU.Build.0 = Debug|Any CPU
		{35F99D74-BDA3-4720-9EAE-CDAD1C635D75}.Release|Any CPU.ActiveCfg = Release|Any CPU
		{35F99D74-BDA3-4720-9EAE-CDAD1C635D75}.Release|Any CPU.Build.0 = Release|Any CPU
		{24FF3480-01D3-46CF-940A-99F84A2A8D20}.Debug|Any CPU.ActiveCfg = Debug|Any CPU
		{24FF3480-01D3-46CF-940A-99F84A2A8D20}.Debug|Any CPU.Build.0 = Debug|Any CPU
		{24FF3480-01D3-46CF-940A-99F84A2A8D20}.Release|Any CPU.ActiveCfg = Release|Any CPU
		{24FF3480-01D3-46CF-940A-99F84A2A8D20}.Release|Any CPU.Build.0 = Release|Any CPU
	EndGlobalSection
	GlobalSection(SolutionProperties) = preSolution
		HideSolutionNode = FALSE
	EndGlobalSection
	GlobalSection(ExtensibilityGlobals) = postSolution
		SolutionGuid = {282FF209-23D3-44FF-883D-4EC02E2D615E}
	EndGlobalSection
EndGlobal
